
Microsoft Visual Studio Solution File, Format Version 12.00
# Visual Studio Version 17
VisualStudioVersion = 17.7.34031.279
MinimumVisualStudioVersion = 10.0.40219.1
Project("{FAE04EC0-301F-11D3-BF4B-00C04F79EFBC}") = "курсова1", "курсова1\курсова1.csproj", "{361604AF-E5B4-499B-BB60-94840979058E}"
EndProject
Global
	GlobalSection(SolutionConfigurationPlatforms) = preSolution
		Debug|Any CPU = Debug|Any CPU
		Release|Any CPU = Release|Any CPU
	EndGlobalSection
	GlobalSection(ProjectConfigurationPlatforms) = postSolution
		{361604AF-E5B4-499B-BB60-94840979058E}.Debug|Any CPU.ActiveCfg = Debug|Any CPU
		{361604AF-E5B4-499B-BB60-94840979058E}.Debug|Any CPU.Build.0 = Debug|Any CPU
		{361604AF-E5B4-499B-BB60-94840979058E}.Release|Any CPU.ActiveCfg = Release|Any CPU
		{361604AF-E5B4-499B-BB60-94840979058E}.Release|Any CPU.Build.0 = Release|Any CPU
	EndGlobalSection
	GlobalSection(SolutionProperties) = preSolution
		HideSolutionNode = FALSE
	EndGlobalSection
	GlobalSection(ExtensibilityGlobals) = postSolution
		SolutionGuid = {88DFEBBB-5704-419D-A619-1869AD7E7375}
	EndGlobalSection
EndGlobal
